
Microsoft Visual Studio Solution File, Format Version 12.00
Project("{2150E333-8FDC-42A3-9474-1A3956D46DE8}") = "src", "src", "{1E851ABF-02CC-4B98-BAF6-BB09268F763F}"
EndProject
Project("{2150E333-8FDC-42A3-9474-1A3956D46DE8}") = "root", "root", "{7B48F27A-CD65-4A4F-A866-9FF86B37E480}"
	ProjectSection(SolutionItems) = preProject
		README.md = README.md
		LICENSE = LICENSE
		global.json = global.json
		.gitignore = .gitignore
		.editorconfig = .editorconfig
	EndProjectSection
EndProject
Project("{2150E333-8FDC-42A3-9474-1A3956D46DE8}") = "samples", "samples", "{F6E47448-C88D-42F9-99A7-2B7D21A95D32}"
EndProject
Project("{FAE04EC0-301F-11D3-BF4B-00C04F79EFBC}") = "UADetector", "src\UADetector\UADetector.csproj", "{5E88ECD0-C5B0-48AE-B8AB-312E5F17F115}"
EndProject
Project("{FAE04EC0-301F-11D3-BF4B-00C04F79EFBC}") = "UADetector.Console", "samples\UADetector.Console\UADetector.Console.csproj", "{8DAD7792-EB25-4BEF-B393-6A3794D16C11}"
EndProject
Project("{FAE04EC0-301F-11D3-BF4B-00C04F79EFBC}") = "UADetector.Api", "samples\UADetector.Api\UADetector.Api.csproj", "{B85AD0C2-A5CC-4226-96A2-736034D57B74}"
EndProject
Project("{2150E333-8FDC-42A3-9474-1A3956D46DE8}") = "tests", "tests", "{D9F4296A-719E-4B88-8388-4307B1DE5E3D}"
EndProject
Project("{FAE04EC0-301F-11D3-BF4B-00C04F79EFBC}") = "UADetector.Tests", "tests\UADetector.Tests\UADetector.Tests.csproj", "{25EA18FF-4939-43A7-99EB-4601DBBD3BDC}"
EndProject
Global
	GlobalSection(SolutionConfigurationPlatforms) = preSolution
		Debug|Any CPU = Debug|Any CPU
		Release|Any CPU = Release|Any CPU
	EndGlobalSection
	GlobalSection(NestedProjects) = preSolution
		{5E88ECD0-C5B0-48AE-B8AB-312E5F17F115} = {1E851ABF-02CC-4B98-BAF6-BB09268F763F}
		{8DAD7792-EB25-4BEF-B393-6A3794D16C11} = {F6E47448-C88D-42F9-99A7-2B7D21A95D32}
		{B85AD0C2-A5CC-4226-96A2-736034D57B74} = {F6E47448-C88D-42F9-99A7-2B7D21A95D32}
		{25EA18FF-4939-43A7-99EB-4601DBBD3BDC} = {D9F4296A-719E-4B88-8388-4307B1DE5E3D}
	EndGlobalSection
	GlobalSection(ProjectConfigurationPlatforms) = postSolution
		{5E88ECD0-C5B0-48AE-B8AB-312E5F17F115}.Debug|Any CPU.ActiveCfg = Debug|Any CPU
		{5E88ECD0-C5B0-48AE-B8AB-312E5F17F115}.Debug|Any CPU.Build.0 = Debug|Any CPU
		{5E88ECD0-C5B0-48AE-B8AB-312E5F17F115}.Release|Any CPU.ActiveCfg = Release|Any CPU
		{5E88ECD0-C5B0-48AE-B8AB-312E5F17F115}.Release|Any CPU.Build.0 = Release|Any CPU
		{8DAD7792-EB25-4BEF-B393-6A3794D16C11}.Debug|Any CPU.ActiveCfg = Debug|Any CPU
		{8DAD7792-EB25-4BEF-B393-6A3794D16C11}.Debug|Any CPU.Build.0 = Debug|Any CPU
		{8DAD7792-EB25-4BEF-B393-6A3794D16C11}.Release|Any CPU.ActiveCfg = Release|Any CPU
		{8DAD7792-EB25-4BEF-B393-6A3794D16C11}.Release|Any CPU.Build.0 = Release|Any CPU
		{B85AD0C2-A5CC-4226-96A2-736034D57B74}.Debug|Any CPU.ActiveCfg = Debug|Any CPU
		{B85AD0C2-A5CC-4226-96A2-736034D57B74}.Debug|Any CPU.Build.0 = Debug|Any CPU
		{B85AD0C2-A5CC-4226-96A2-736034D57B74}.Release|Any CPU.ActiveCfg = Release|Any CPU
		{B85AD0C2-A5CC-4226-96A2-736034D57B74}.Release|Any CPU.Build.0 = Release|Any CPU
		{25EA18FF-4939-43A7-99EB-4601DBBD3BDC}.Debug|Any CPU.ActiveCfg = Debug|Any CPU
		{25EA18FF-4939-43A7-99EB-4601DBBD3BDC}.Debug|Any CPU.Build.0 = Debug|Any CPU
		{25EA18FF-4939-43A7-99EB-4601DBBD3BDC}.Release|Any CPU.ActiveCfg = Release|Any CPU
		{25EA18FF-4939-43A7-99EB-4601DBBD3BDC}.Release|Any CPU.Build.0 = Release|Any CPU
	EndGlobalSection
EndGlobal
